
Microsoft Visual Studio Solution File, Format Version 12.00
# Visual Studio 2012
VisualStudioVersion = 12.0.31101.0
MinimumVisualStudioVersion = 10.0.40219.1
Project("{2150E333-8FDC-42A3-9474-1A3956D46DE8}") = "Source", "Source", "{BDE96647-252C-4DAB-AE41-A02F7214C647}"
EndProject
Project("{FAE04EC0-301F-11D3-BF4B-00C04F79EFBC}") = "Source", "Source\Source.csproj", "{6078FFE3-28C8-4169-831D-E1D1AAFDD72F}"
EndProject
Project("{FAE04EC0-301F-11D3-BF4B-00C04F79EFBC}") = "Source.Tests", "Source.Tests\Source.Tests.csproj", "{746D247C-6E5D-41D2-88E3-3A51D2DAC0B0}"
EndProject
Project("{2150E333-8FDC-42A3-9474-1A3956D46DE8}") = "Lexer", "Lexer", "{07C86C89-DB08-4630-9589-5AA6987FAD25}"
EndProject
Project("{FAE04EC0-301F-11D3-BF4B-00C04F79EFBC}") = "Lexer", "Lexer\Lexer.csproj", "{3A107436-1EC7-48E3-BF42-5E5E50C259E7}"
EndProject
Project("{FAE04EC0-301F-11D3-BF4B-00C04F79EFBC}") = "Lexer.Tests", "Lexer.Tests\Lexer.Tests.csproj", "{0C9322B9-F087-451E-9726-2FF28313D704}"
EndProject
Project("{2150E333-8FDC-42A3-9474-1A3956D46DE8}") = ".nuget", ".nuget", "{AE5A0943-F2FE-46FA-AB96-CD5CD1B163E8}"
	ProjectSection(SolutionItems) = preProject
		.nuget\packages.config = .nuget\packages.config
	EndProjectSection
EndProject
Project("{2150E333-8FDC-42A3-9474-1A3956D46DE8}") = "Parser", "Parser", "{F6EABA18-5D24-4AAB-A322-DFF62EA073B2}"
EndProject
Project("{FAE04EC0-301F-11D3-BF4B-00C04F79EFBC}") = "Parser", "Parser\Parser.csproj", "{DC9385D6-C37E-441F-8BAA-3B7EAEC2DA39}"
EndProject
Project("{FAE04EC0-301F-11D3-BF4B-00C04F79EFBC}") = "Parser.Tests", "Parser.Tests\Parser.Tests.csproj", "{3BA2695E-0103-4E64-B9E7-B14CC056C7AC}"
EndProject
Project("{2150E333-8FDC-42A3-9474-1A3956D46DE8}") = "Core", "Core", "{652F65C3-4194-4751-AB31-9543E6DA2826}"
EndProject
Project("{FAE04EC0-301F-11D3-BF4B-00C04F79EFBC}") = "Core", "Core\Core.csproj", "{5E967501-0A63-4196-A29B-B8B148785048}"
EndProject
Project("{FAE04EC0-301F-11D3-BF4B-00C04F79EFBC}") = "Core.Tests", "Core.Tests\Core.Tests.csproj", "{2AFAC738-0F82-474D-A7C1-4DB18D2FF0A9}"
EndProject
Project("{FAE04EC0-301F-11D3-BF4B-00C04F79EFBC}") = "System.Collections.Immutable", "System.Collections.Immutable\System.Collections.Immutable.csproj", "{024A2111-4B19-44D7-917E-8514CF632469}"
EndProject
Project("{2150E333-8FDC-42A3-9474-1A3956D46DE8}") = "Semantics", "Semantics", "{10DC7463-1E26-46A2-B827-4F2FAC2F28E9}"
EndProject
Project("{FAE04EC0-301F-11D3-BF4B-00C04F79EFBC}") = "Semantics", "Semantics\Semantics.csproj", "{B0BC59FC-D28F-42B9-A4CC-5470287924B2}"
EndProject
Project("{FAE04EC0-301F-11D3-BF4B-00C04F79EFBC}") = "Semantics.Tests", "Semantics.Tests\Semantics.Tests.csproj", "{BD83EE77-2811-480A-A732-BF52C011FC12}"
EndProject
Global
	GlobalSection(SolutionConfigurationPlatforms) = preSolution
		Debug|Any CPU = Debug|Any CPU
		Release|Any CPU = Release|Any CPU
	EndGlobalSection
	GlobalSection(ProjectConfigurationPlatforms) = postSolution
		{024A2111-4B19-44D7-917E-8514CF632469}.Debug|Any CPU.ActiveCfg = Debug|Any CPU
		{024A2111-4B19-44D7-917E-8514CF632469}.Debug|Any CPU.Build.0 = Debug|Any CPU
		{024A2111-4B19-44D7-917E-8514CF632469}.Release|Any CPU.ActiveCfg = Release|Any CPU
		{024A2111-4B19-44D7-917E-8514CF632469}.Release|Any CPU.Build.0 = Release|Any CPU
		{0C9322B9-F087-451E-9726-2FF28313D704}.Debug|Any CPU.ActiveCfg = Debug|Any CPU
		{0C9322B9-F087-451E-9726-2FF28313D704}.Debug|Any CPU.Build.0 = Debug|Any CPU
		{0C9322B9-F087-451E-9726-2FF28313D704}.Release|Any CPU.ActiveCfg = Release|Any CPU
		{0C9322B9-F087-451E-9726-2FF28313D704}.Release|Any CPU.Build.0 = Release|Any CPU
		{2AFAC738-0F82-474D-A7C1-4DB18D2FF0A9}.Debug|Any CPU.ActiveCfg = Debug|Any CPU
		{2AFAC738-0F82-474D-A7C1-4DB18D2FF0A9}.Debug|Any CPU.Build.0 = Debug|Any CPU
		{2AFAC738-0F82-474D-A7C1-4DB18D2FF0A9}.Release|Any CPU.ActiveCfg = Release|Any CPU
		{2AFAC738-0F82-474D-A7C1-4DB18D2FF0A9}.Release|Any CPU.Build.0 = Release|Any CPU
		{3A107436-1EC7-48E3-BF42-5E5E50C259E7}.Debug|Any CPU.ActiveCfg = Debug|Any CPU
		{3A107436-1EC7-48E3-BF42-5E5E50C259E7}.Debug|Any CPU.Build.0 = Debug|Any CPU
		{3A107436-1EC7-48E3-BF42-5E5E50C259E7}.Release|Any CPU.ActiveCfg = Release|Any CPU
		{3A107436-1EC7-48E3-BF42-5E5E50C259E7}.Release|Any CPU.Build.0 = Release|Any CPU
		{3BA2695E-0103-4E64-B9E7-B14CC056C7AC}.Debug|Any CPU.ActiveCfg = Debug|Any CPU
		{3BA2695E-0103-4E64-B9E7-B14CC056C7AC}.Debug|Any CPU.Build.0 = Debug|Any CPU
		{3BA2695E-0103-4E64-B9E7-B14CC056C7AC}.Release|Any CPU.ActiveCfg = Release|Any CPU
		{3BA2695E-0103-4E64-B9E7-B14CC056C7AC}.Release|Any CPU.Build.0 = Release|Any CPU
		{5E967501-0A63-4196-A29B-B8B148785048}.Debug|Any CPU.ActiveCfg = Debug|Any CPU
		{5E967501-0A63-4196-A29B-B8B148785048}.Debug|Any CPU.Build.0 = Debug|Any CPU
		{5E967501-0A63-4196-A29B-B8B148785048}.Release|Any CPU.ActiveCfg = Release|Any CPU
		{5E967501-0A63-4196-A29B-B8B148785048}.Release|Any CPU.Build.0 = Release|Any CPU
		{6078FFE3-28C8-4169-831D-E1D1AAFDD72F}.Debug|Any CPU.ActiveCfg = Debug|Any CPU
		{6078FFE3-28C8-4169-831D-E1D1AAFDD72F}.Debug|Any CPU.Build.0 = Debug|Any CPU
		{6078FFE3-28C8-4169-831D-E1D1AAFDD72F}.Release|Any CPU.ActiveCfg = Release|Any CPU
		{6078FFE3-28C8-4169-831D-E1D1AAFDD72F}.Release|Any CPU.Build.0 = Release|Any CPU
		{746D247C-6E5D-41D2-88E3-3A51D2DAC0B0}.Debug|Any CPU.ActiveCfg = Debug|Any CPU
		{746D247C-6E5D-41D2-88E3-3A51D2DAC0B0}.Debug|Any CPU.Build.0 = Debug|Any CPU
		{746D247C-6E5D-41D2-88E3-3A51D2DAC0B0}.Release|Any CPU.ActiveCfg = Release|Any CPU
		{746D247C-6E5D-41D2-88E3-3A51D2DAC0B0}.Release|Any CPU.Build.0 = Release|Any CPU
		{B0BC59FC-D28F-42B9-A4CC-5470287924B2}.Debug|Any CPU.ActiveCfg = Debug|Any CPU
		{B0BC59FC-D28F-42B9-A4CC-5470287924B2}.Debug|Any CPU.Build.0 = Debug|Any CPU
		{B0BC59FC-D28F-42B9-A4CC-5470287924B2}.Release|Any CPU.ActiveCfg = Release|Any CPU
		{B0BC59FC-D28F-42B9-A4CC-5470287924B2}.Release|Any CPU.Build.0 = Release|Any CPU
		{BD83EE77-2811-480A-A732-BF52C011FC12}.Debug|Any CPU.ActiveCfg = Debug|Any CPU
		{BD83EE77-2811-480A-A732-BF52C011FC12}.Debug|Any CPU.Build.0 = Debug|Any CPU
		{BD83EE77-2811-480A-A732-BF52C011FC12}.Release|Any CPU.ActiveCfg = Release|Any CPU
		{BD83EE77-2811-480A-A732-BF52C011FC12}.Release|Any CPU.Build.0 = Release|Any CPU
		{DC9385D6-C37E-441F-8BAA-3B7EAEC2DA39}.Debug|Any CPU.ActiveCfg = Debug|Any CPU
		{DC9385D6-C37E-441F-8BAA-3B7EAEC2DA39}.Debug|Any CPU.Build.0 = Debug|Any CPU
		{DC9385D6-C37E-441F-8BAA-3B7EAEC2DA39}.Release|Any CPU.ActiveCfg = Release|Any CPU
		{DC9385D6-C37E-441F-8BAA-3B7EAEC2DA39}.Release|Any CPU.Build.0 = Release|Any CPU
	EndGlobalSection
	GlobalSection(NestedProjects) = preSolution
		{6078FFE3-28C8-4169-831D-E1D1AAFDD72F} = {BDE96647-252C-4DAB-AE41-A02F7214C647}
		{746D247C-6E5D-41D2-88E3-3A51D2DAC0B0} = {BDE96647-252C-4DAB-AE41-A02F7214C647}
		{3A107436-1EC7-48E3-BF42-5E5E50C259E7} = {07C86C89-DB08-4630-9589-5AA6987FAD25}
		{0C9322B9-F087-451E-9726-2FF28313D704} = {07C86C89-DB08-4630-9589-5AA6987FAD25}
		{DC9385D6-C37E-441F-8BAA-3B7EAEC2DA39} = {F6EABA18-5D24-4AAB-A322-DFF62EA073B2}
		{3BA2695E-0103-4E64-B9E7-B14CC056C7AC} = {F6EABA18-5D24-4AAB-A322-DFF62EA073B2}
		{5E967501-0A63-4196-A29B-B8B148785048} = {652F65C3-4194-4751-AB31-9543E6DA2826}
		{2AFAC738-0F82-474D-A7C1-4DB18D2FF0A9} = {652F65C3-4194-4751-AB31-9543E6DA2826}
		{B0BC59FC-D28F-42B9-A4CC-5470287924B2} = {10DC7463-1E26-46A2-B827-4F2FAC2F28E9}
		{BD83EE77-2811-480A-A732-BF52C011FC12} = {10DC7463-1E26-46A2-B827-4F2FAC2F28E9}
	EndGlobalSection
	GlobalSection(MonoDevelopProperties) = preSolution
		Policies = $0
		$0.DotNetNamingPolicy = $1
		$1.DirectoryNamespaceAssociation = None
		$1.ResourceNamePolicy = FileFormatDefault
		$0.TextStylePolicy = $2
		$2.FileWidth = 120
		$2.TabsToSpaces = False
		$2.inheritsSet = VisualStudio
		$2.inheritsScope = text/plain
	EndGlobalSection
	GlobalSection(SolutionProperties) = preSolution
		HideSolutionNode = FALSE
	EndGlobalSection
EndGlobal
